
Microsoft Visual Studio Solution File, Format Version 12.00
# Visual Studio Version 16
VisualStudioVersion = 16.0.29123.88
MinimumVisualStudioVersion = 10.0.40219.1
Project("{9A19103F-16F7-4668-BE54-9A1E7A4F7556}") = "Messenger", "BitrixMessenger\Messenger.csproj", "{EF2606DE-234A-4C51-8221-DF1F1D9E6637}"
EndProject
Project("{9A19103F-16F7-4668-BE54-9A1E7A4F7556}") = "bitrix", "bitrix\bitrix.csproj", "{B307137E-1BE1-440C-8BAF-792DBD0BE708}"
EndProject
Project("{9A19103F-16F7-4668-BE54-9A1E7A4F7556}") = "myTelegram", "telegram\myTelegram.csproj", "{920112DF-E883-4044-A7FC-C84B08F16F15}"
EndProject
Project("{9A19103F-16F7-4668-BE54-9A1E7A4F7556}") = "mywebcore", "mywebcore\mywebcore.csproj", "{EDFDB992-48B7-4D50-B949-FEAD9D54D187}"
EndProject
Project("{FAE04EC0-301F-11D3-BF4B-00C04F79EFBC}") = "bx", "bx\bx.csproj", "{76F9877C-9EC6-41A6-830C-C8CCB8EC1221}"
EndProject
Project("{9A19103F-16F7-4668-BE54-9A1E7A4F7556}") = "tglib", "..\..\Telegram\Telegram\tglib\tglib.csproj", "{28EC710E-5C02-4A43-8865-1CB99F887719}"
EndProject
Global
	GlobalSection(SolutionConfigurationPlatforms) = preSolution
		Debug|Any CPU = Debug|Any CPU
		Release|Any CPU = Release|Any CPU
	EndGlobalSection
	GlobalSection(ProjectConfigurationPlatforms) = postSolution
		{EF2606DE-234A-4C51-8221-DF1F1D9E6637}.Debug|Any CPU.ActiveCfg = Debug|Any CPU
		{EF2606DE-234A-4C51-8221-DF1F1D9E6637}.Debug|Any CPU.Build.0 = Debug|Any CPU
		{EF2606DE-234A-4C51-8221-DF1F1D9E6637}.Release|Any CPU.ActiveCfg = Release|Any CPU
		{EF2606DE-234A-4C51-8221-DF1F1D9E6637}.Release|Any CPU.Build.0 = Release|Any CPU
		{B307137E-1BE1-440C-8BAF-792DBD0BE708}.Debug|Any CPU.ActiveCfg = Debug|Any CPU
		{B307137E-1BE1-440C-8BAF-792DBD0BE708}.Debug|Any CPU.Build.0 = Debug|Any CPU
		{B307137E-1BE1-440C-8BAF-792DBD0BE708}.Release|Any CPU.ActiveCfg = Release|Any CPU
		{B307137E-1BE1-440C-8BAF-792DBD0BE708}.Release|Any CPU.Build.0 = Release|Any CPU
		{920112DF-E883-4044-A7FC-C84B08F16F15}.Debug|Any CPU.ActiveCfg = Debug|Any CPU
		{920112DF-E883-4044-A7FC-C84B08F16F15}.Debug|Any CPU.Build.0 = Debug|Any CPU
		{920112DF-E883-4044-A7FC-C84B08F16F15}.Release|Any CPU.ActiveCfg = Release|Any CPU
		{920112DF-E883-4044-A7FC-C84B08F16F15}.Release|Any CPU.Build.0 = Release|Any CPU
		{EDFDB992-48B7-4D50-B949-FEAD9D54D187}.Debug|Any CPU.ActiveCfg = Debug|Any CPU
		{EDFDB992-48B7-4D50-B949-FEAD9D54D187}.Debug|Any CPU.Build.0 = Debug|Any CPU
		{EDFDB992-48B7-4D50-B949-FEAD9D54D187}.Release|Any CPU.ActiveCfg = Release|Any CPU
		{EDFDB992-48B7-4D50-B949-FEAD9D54D187}.Release|Any CPU.Build.0 = Release|Any CPU
		{76F9877C-9EC6-41A6-830C-C8CCB8EC1221}.Debug|Any CPU.ActiveCfg = Debug|Any CPU
		{76F9877C-9EC6-41A6-830C-C8CCB8EC1221}.Debug|Any CPU.Build.0 = Debug|Any CPU
		{76F9877C-9EC6-41A6-830C-C8CCB8EC1221}.Release|Any CPU.ActiveCfg = Release|Any CPU
		{76F9877C-9EC6-41A6-830C-C8CCB8EC1221}.Release|Any CPU.Build.0 = Release|Any CPU
		{28EC710E-5C02-4A43-8865-1CB99F887719}.Debug|Any CPU.ActiveCfg = Debug|Any CPU
		{28EC710E-5C02-4A43-8865-1CB99F887719}.Debug|Any CPU.Build.0 = Debug|Any CPU
		{28EC710E-5C02-4A43-8865-1CB99F887719}.Release|Any CPU.ActiveCfg = Release|Any CPU
		{28EC710E-5C02-4A43-8865-1CB99F887719}.Release|Any CPU.Build.0 = Release|Any CPU
	EndGlobalSection
	GlobalSection(SolutionProperties) = preSolution
		HideSolutionNode = FALSE
	EndGlobalSection
	GlobalSection(ExtensibilityGlobals) = postSolution
		SolutionGuid = {A9D8C464-65A9-4752-8E80-BF06C14C8079}
	EndGlobalSection
EndGlobal
